// !$*UTF8*$!
{
	archiveVersion = 1;
	classes = {
	};
	objectVersion = 46;
	objects = {

/* Begin PBXBuildFile section */
		45316F0F1ECF43B90028CD0C /* NSString+EKExtension.m in Sources */ = {isa = PBXBuildFile; fileRef = 45316F0E1ECF43B90028CD0C /* NSString+EKExtension.m */; };
		4576C16B1ED18B240024F4DC /* NSArray+EKExtensions.m in Sources */ = {isa = PBXBuildFile; fileRef = 4576C16A1ED18B240024F4DC /* NSArray+EKExtensions.m */; };
		458CD4C61EB9FB6F003DE3B8 /* EKWasher.m in Sources */ = {isa = PBXBuildFile; fileRef = 458CD4C51EB9FB6F003DE3B8 /* EKWasher.m */; };
		458CD4CC1EBA5440003DE3B8 /* EKAccountant.m in Sources */ = {isa = PBXBuildFile; fileRef = 458CD4CB1EBA5440003DE3B8 /* EKAccountant.m */; };
		458CD4CF1EBA5473003DE3B8 /* EKDirector.m in Sources */ = {isa = PBXBuildFile; fileRef = 458CD4CE1EBA5473003DE3B8 /* EKDirector.m */; };
		45C97E911EAA91F00039F373 /* main.m in Sources */ = {isa = PBXBuildFile; fileRef = 45C97E901EAA91F00039F373 /* main.m */; };
		45C97E9A1EAA93990039F373 /* EKCreature.m in Sources */ = {isa = PBXBuildFile; fileRef = 45C97E991EAA93990039F373 /* EKCreature.m */; };
		45EA7D751ECD972D002F2474 /* NSObject+EKExtension.m in Sources */ = {isa = PBXBuildFile; fileRef = 45EA7D741ECD972D002F2474 /* NSObject+EKExtension.m */; };
		45F3627D1EAB517B003CFF39 /* EKCreatureMale.m in Sources */ = {isa = PBXBuildFile; fileRef = 45F3627C1EAB517B003CFF39 /* EKCreatureMale.m */; };
		45F362811EAB51BA003CFF39 /* EKCreatureFemale.m in Sources */ = {isa = PBXBuildFile; fileRef = 45F362801EAB51BA003CFF39 /* EKCreatureFemale.m */; };
		45F78E221EAEA24200E1C849 /* EKRandom.m in Sources */ = {isa = PBXBuildFile; fileRef = 45F78E211EAEA24200E1C849 /* EKRandom.m */; };
		45F78E471EB280BD00E1C849 /* EKTests.m in Sources */ = {isa = PBXBuildFile; fileRef = 45F78E461EB280BD00E1C849 /* EKTests.m */; };
		45F78E4B1EB354D300E1C849 /* EKCarWash.m in Sources */ = {isa = PBXBuildFile; fileRef = 45F78E4A1EB354D300E1C849 /* EKCarWash.m */; };
		45F78E601EB9DC9E00E1C849 /* EKWorker.m in Sources */ = {isa = PBXBuildFile; fileRef = 45F78E5F1EB9DC9E00E1C849 /* EKWorker.m */; };
		45F78E661EB9E03500E1C849 /* EKCar.m in Sources */ = {isa = PBXBuildFile; fileRef = 45F78E651EB9E03500E1C849 /* EKCar.m */; };
/* End PBXBuildFile section */

/* Begin PBXCopyFilesBuildPhase section */
		45C97E8B1EAA91F00039F373 /* CopyFiles */ = {
			isa = PBXCopyFilesBuildPhase;
			buildActionMask = 2147483647;
			dstPath = /usr/share/man/man1/;
			dstSubfolderSpec = 0;
			files = (
			);
			runOnlyForDeploymentPostprocessing = 1;
		};
/* End PBXCopyFilesBuildPhase section */

/* Begin PBXFileReference section */
		45316F0D1ECF43B90028CD0C /* NSString+EKExtension.h */ = {isa = PBXFileReference; fileEncoding = 4; lastKnownFileType = sourcecode.c.h; path = "NSString+EKExtension.h"; sourceTree = "<group>"; };
		45316F0E1ECF43B90028CD0C /* NSString+EKExtension.m */ = {isa = PBXFileReference; fileEncoding = 4; lastKnownFileType = sourcecode.c.objc; path = "NSString+EKExtension.m"; sourceTree = "<group>"; };
		4576C1691ED18B240024F4DC /* NSArray+EKExtensions.h */ = {isa = PBXFileReference; fileEncoding = 4; lastKnownFileType = sourcecode.c.h; path = "NSArray+EKExtensions.h"; sourceTree = "<group>"; };
		4576C16A1ED18B240024F4DC /* NSArray+EKExtensions.m */ = {isa = PBXFileReference; fileEncoding = 4; lastKnownFileType = sourcecode.c.objc; path = "NSArray+EKExtensions.m"; sourceTree = "<group>"; };
		458CD4C41EB9FB6F003DE3B8 /* EKWasher.h */ = {isa = PBXFileReference; fileEncoding = 4; lastKnownFileType = sourcecode.c.h; path = EKWasher.h; sourceTree = "<group>"; };
		458CD4C51EB9FB6F003DE3B8 /* EKWasher.m */ = {isa = PBXFileReference; fileEncoding = 4; lastKnownFileType = sourcecode.c.objc; path = EKWasher.m; sourceTree = "<group>"; };
		458CD4CA1EBA5440003DE3B8 /* EKAccountant.h */ = {isa = PBXFileReference; fileEncoding = 4; lastKnownFileType = sourcecode.c.h; path = EKAccountant.h; sourceTree = "<group>"; };
		458CD4CB1EBA5440003DE3B8 /* EKAccountant.m */ = {isa = PBXFileReference; fileEncoding = 4; lastKnownFileType = sourcecode.c.objc; path = EKAccountant.m; sourceTree = "<group>"; };
		458CD4CD1EBA5473003DE3B8 /* EKDirector.h */ = {isa = PBXFileReference; fileEncoding = 4; lastKnownFileType = sourcecode.c.h; path = EKDirector.h; sourceTree = "<group>"; };
		458CD4CE1EBA5473003DE3B8 /* EKDirector.m */ = {isa = PBXFileReference; fileEncoding = 4; lastKnownFileType = sourcecode.c.objc; path = EKDirector.m; sourceTree = "<group>"; };
		45C97E8D1EAA91F00039F373 /* ObjectiveCStudy */ = {isa = PBXFileReference; explicitFileType = "compiled.mach-o.executable"; includeInIndex = 0; path = ObjectiveCStudy; sourceTree = BUILT_PRODUCTS_DIR; };
		45C97E901EAA91F00039F373 /* main.m */ = {isa = PBXFileReference; lastKnownFileType = sourcecode.c.objc; path = main.m; sourceTree = "<group>"; };
		45C97E981EAA93990039F373 /* EKCreature.h */ = {isa = PBXFileReference; fileEncoding = 4; lastKnownFileType = sourcecode.c.h; path = EKCreature.h; sourceTree = "<group>"; };
		45C97E991EAA93990039F373 /* EKCreature.m */ = {isa = PBXFileReference; fileEncoding = 4; lastKnownFileType = sourcecode.c.objc; path = EKCreature.m; sourceTree = "<group>"; };
		45EA7D731ECD972D002F2474 /* NSObject+EKExtension.h */ = {isa = PBXFileReference; fileEncoding = 4; lastKnownFileType = sourcecode.c.h; path = "NSObject+EKExtension.h"; sourceTree = "<group>"; };
		45EA7D741ECD972D002F2474 /* NSObject+EKExtension.m */ = {isa = PBXFileReference; fileEncoding = 4; lastKnownFileType = sourcecode.c.objc; path = "NSObject+EKExtension.m"; sourceTree = "<group>"; };
		45F1B4ED1EC5FFE1000F561F /* EKMoneyTransfer.h */ = {isa = PBXFileReference; fileEncoding = 4; lastKnownFileType = sourcecode.c.h; path = EKMoneyTransfer.h; sourceTree = "<group>"; };
		45F3627B1EAB517B003CFF39 /* EKCreatureMale.h */ = {isa = PBXFileReference; fileEncoding = 4; lastKnownFileType = sourcecode.c.h; path = EKCreatureMale.h; sourceTree = "<group>"; };
		45F3627C1EAB517B003CFF39 /* EKCreatureMale.m */ = {isa = PBXFileReference; fileEncoding = 4; lastKnownFileType = sourcecode.c.objc; path = EKCreatureMale.m; sourceTree = "<group>"; };
		45F3627F1EAB51BA003CFF39 /* EKCreatureFemale.h */ = {isa = PBXFileReference; fileEncoding = 4; lastKnownFileType = sourcecode.c.h; path = EKCreatureFemale.h; sourceTree = "<group>"; };
		45F362801EAB51BA003CFF39 /* EKCreatureFemale.m */ = {isa = PBXFileReference; fileEncoding = 4; lastKnownFileType = sourcecode.c.objc; path = EKCreatureFemale.m; sourceTree = "<group>"; };
		45F78E201EAEA24200E1C849 /* EKRandom.h */ = {isa = PBXFileReference; fileEncoding = 4; lastKnownFileType = sourcecode.c.h; path = EKRandom.h; sourceTree = "<group>"; };
		45F78E211EAEA24200E1C849 /* EKRandom.m */ = {isa = PBXFileReference; fileEncoding = 4; lastKnownFileType = sourcecode.c.objc; path = EKRandom.m; sourceTree = "<group>"; };
		45F78E451EB280BD00E1C849 /* EKTests.h */ = {isa = PBXFileReference; fileEncoding = 4; lastKnownFileType = sourcecode.c.h; path = EKTests.h; sourceTree = "<group>"; };
		45F78E461EB280BD00E1C849 /* EKTests.m */ = {isa = PBXFileReference; fileEncoding = 4; lastKnownFileType = sourcecode.c.objc; path = EKTests.m; sourceTree = "<group>"; };
		45F78E491EB354D300E1C849 /* EKCarWash.h */ = {isa = PBXFileReference; fileEncoding = 4; lastKnownFileType = sourcecode.c.h; path = EKCarWash.h; sourceTree = "<group>"; };
		45F78E4A1EB354D300E1C849 /* EKCarWash.m */ = {isa = PBXFileReference; fileEncoding = 4; lastKnownFileType = sourcecode.c.objc; path = EKCarWash.m; sourceTree = "<group>"; };
		45F78E5E1EB9DC9E00E1C849 /* EKWorker.h */ = {isa = PBXFileReference; fileEncoding = 4; lastKnownFileType = sourcecode.c.h; path = EKWorker.h; sourceTree = "<group>"; };
		45F78E5F1EB9DC9E00E1C849 /* EKWorker.m */ = {isa = PBXFileReference; fileEncoding = 4; lastKnownFileType = sourcecode.c.objc; path = EKWorker.m; sourceTree = "<group>"; };
		45F78E641EB9E03500E1C849 /* EKCar.h */ = {isa = PBXFileReference; fileEncoding = 4; lastKnownFileType = sourcecode.c.h; path = EKCar.h; sourceTree = "<group>"; };
		45F78E651EB9E03500E1C849 /* EKCar.m */ = {isa = PBXFileReference; fileEncoding = 4; lastKnownFileType = sourcecode.c.objc; path = EKCar.m; sourceTree = "<group>"; };
/* End PBXFileReference section */

/* Begin PBXFrameworksBuildPhase section */
		45C97E8A1EAA91F00039F373 /* Frameworks */ = {
			isa = PBXFrameworksBuildPhase;
			buildActionMask = 2147483647;
			files = (
			);
			runOnlyForDeploymentPostprocessing = 0;
		};
/* End PBXFrameworksBuildPhase section */

/* Begin PBXGroup section */
		45C97E841EAA91F00039F373 = {
			isa = PBXGroup;
			children = (
				45C97E8F1EAA91F00039F373 /* ObjectiveCStudy */,
				45C97E8E1EAA91F00039F373 /* Products */,
			);
			sourceTree = "<group>";
		};
		45C97E8E1EAA91F00039F373 /* Products */ = {
			isa = PBXGroup;
			children = (
				45C97E8D1EAA91F00039F373 /* ObjectiveCStudy */,
			);
			name = Products;
			sourceTree = "<group>";
		};
		45C97E8F1EAA91F00039F373 /* ObjectiveCStudy */ = {
			isa = PBXGroup;
			children = (
				45F78E481EB3546700E1C849 /* EKCarWash */,
				45F78E441EB27FD900E1C849 /* EKTests */,
				45F78E401EB2352D00E1C849 /* Category */,
				45F3627E1EAB5181003CFF39 /* EKCreatureFemale */,
				45F3627A1EAB513F003CFF39 /* EKCreatureMale */,
				45C97E971EAA92B10039F373 /* EKCreature */,
				45C97E901EAA91F00039F373 /* main.m */,
			);
			path = ObjectiveCStudy;
			sourceTree = "<group>";
		};
		45C97E971EAA92B10039F373 /* EKCreature */ = {
			isa = PBXGroup;
			children = (
				45C97E981EAA93990039F373 /* EKCreature.h */,
				45C97E991EAA93990039F373 /* EKCreature.m */,
				45F78E201EAEA24200E1C849 /* EKRandom.h */,
				45F78E211EAEA24200E1C849 /* EKRandom.m */,
			);
			path = EKCreature;
			sourceTree = "<group>";
		};
		45F1B4EC1EC5FF04000F561F /* EKMoneyTransferProtocol */ = {
			isa = PBXGroup;
			children = (
				45F1B4ED1EC5FFE1000F561F /* EKMoneyTransfer.h */,
			);
			path = EKMoneyTransferProtocol;
			sourceTree = "<group>";
		};
		45F3627A1EAB513F003CFF39 /* EKCreatureMale */ = {
			isa = PBXGroup;
			children = (
				45F3627B1EAB517B003CFF39 /* EKCreatureMale.h */,
				45F3627C1EAB517B003CFF39 /* EKCreatureMale.m */,
			);
			path = EKCreatureMale;
			sourceTree = "<group>";
		};
		45F3627E1EAB5181003CFF39 /* EKCreatureFemale */ = {
			isa = PBXGroup;
			children = (
				45F3627F1EAB51BA003CFF39 /* EKCreatureFemale.h */,
				45F362801EAB51BA003CFF39 /* EKCreatureFemale.m */,
			);
			path = EKCreatureFemale;
			sourceTree = "<group>";
		};
		45F78E401EB2352D00E1C849 /* Category */ = {
			isa = PBXGroup;
			children = (
				45EA7D731ECD972D002F2474 /* NSObject+EKExtension.h */,
				45EA7D741ECD972D002F2474 /* NSObject+EKExtension.m */,
				4576C1691ED18B240024F4DC /* NSArray+EKExtensions.h */,
				4576C16A1ED18B240024F4DC /* NSArray+EKExtensions.m */,
				45316F0D1ECF43B90028CD0C /* NSString+EKExtension.h */,
				45316F0E1ECF43B90028CD0C /* NSString+EKExtension.m */,
			);
			path = Category;
			sourceTree = "<group>";
		};
		45F78E441EB27FD900E1C849 /* EKTests */ = {
			isa = PBXGroup;
			children = (
				45F78E451EB280BD00E1C849 /* EKTests.h */,
				45F78E461EB280BD00E1C849 /* EKTests.m */,
			);
			path = EKTests;
			sourceTree = "<group>";
		};
		45F78E481EB3546700E1C849 /* EKCarWash */ = {
			isa = PBXGroup;
			children = (
				45F1B4EC1EC5FF04000F561F /* EKMoneyTransferProtocol */,
				45F78E621EB9DFED00E1C849 /* EKCar */,
				45F78E5D1EB9DC5A00E1C849 /* EKWorker */,
				45F78E491EB354D300E1C849 /* EKCarWash.h */,
				45F78E4A1EB354D300E1C849 /* EKCarWash.m */,
			);
			path = EKCarWash;
			sourceTree = "<group>";
		};
		45F78E551EB366B500E1C849 /* EKWasher */ = {
			isa = PBXGroup;
			children = (
				458CD4C41EB9FB6F003DE3B8 /* EKWasher.h */,
				458CD4C51EB9FB6F003DE3B8 /* EKWasher.m */,
			);
			name = EKWasher;
			path = ObjectiveCStudy/EKCarWash/EKWorker/EKWasher;
			sourceTree = SOURCE_ROOT;
		};
		45F78E561EB3F8EA00E1C849 /* EKAccountant */ = {
			isa = PBXGroup;
			children = (
				458CD4CA1EBA5440003DE3B8 /* EKAccountant.h */,
				458CD4CB1EBA5440003DE3B8 /* EKAccountant.m */,
			);
			name = EKAccountant;
			path = ObjectiveCStudy/EKCarWash/EKWorker/EKAccountant;
			sourceTree = SOURCE_ROOT;
		};
		45F78E571EB3FA0E00E1C849 /* EKDirector */ = {
			isa = PBXGroup;
			children = (
				458CD4CD1EBA5473003DE3B8 /* EKDirector.h */,
				458CD4CE1EBA5473003DE3B8 /* EKDirector.m */,
			);
			name = EKDirector;
			path = ObjectiveCStudy/EKCarWash/EKWorker/EKDirector;
			sourceTree = SOURCE_ROOT;
		};
		45F78E5D1EB9DC5A00E1C849 /* EKWorker */ = {
			isa = PBXGroup;
			children = (
				45F78E5E1EB9DC9E00E1C849 /* EKWorker.h */,
				45F78E5F1EB9DC9E00E1C849 /* EKWorker.m */,
				45F78E571EB3FA0E00E1C849 /* EKDirector */,
				45F78E561EB3F8EA00E1C849 /* EKAccountant */,
				45F78E551EB366B500E1C849 /* EKWasher */,
			);
			path = EKWorker;
			sourceTree = "<group>";
		};
		45F78E621EB9DFED00E1C849 /* EKCar */ = {
			isa = PBXGroup;
			children = (
				45F78E641EB9E03500E1C849 /* EKCar.h */,
				45F78E651EB9E03500E1C849 /* EKCar.m */,
			);
			path = EKCar;
			sourceTree = "<group>";
		};
/* End PBXGroup section */

/* Begin PBXNativeTarget section */
		45C97E8C1EAA91F00039F373 /* ObjectiveCStudy */ = {
			isa = PBXNativeTarget;
			buildConfigurationList = 45C97E941EAA91F00039F373 /* Build configuration list for PBXNativeTarget "ObjectiveCStudy" */;
			buildPhases = (
				45C97E891EAA91F00039F373 /* Sources */,
				45C97E8A1EAA91F00039F373 /* Frameworks */,
				45C97E8B1EAA91F00039F373 /* CopyFiles */,
			);
			buildRules = (
			);
			dependencies = (
			);
			name = ObjectiveCStudy;
			productName = ObjectiveCStudy;
			productReference = 45C97E8D1EAA91F00039F373 /* ObjectiveCStudy */;
			productType = "com.apple.product-type.tool";
		};
/* End PBXNativeTarget section */

/* Begin PBXProject section */
		45C97E851EAA91F00039F373 /* Project object */ = {
			isa = PBXProject;
			attributes = {
				LastUpgradeCheck = 0830;
				ORGANIZATIONNAME = "Yegor Kozlovskiy";
				TargetAttributes = {
					45C97E8C1EAA91F00039F373 = {
						CreatedOnToolsVersion = 8.3.1;
						ProvisioningStyle = Automatic;
					};
				};
			};
			buildConfigurationList = 45C97E881EAA91F00039F373 /* Build configuration list for PBXProject "ObjectiveCStudy" */;
			compatibilityVersion = "Xcode 3.2";
			developmentRegion = English;
			hasScannedForEncodings = 0;
			knownRegions = (
				en,
			);
			mainGroup = 45C97E841EAA91F00039F373;
			productRefGroup = 45C97E8E1EAA91F00039F373 /* Products */;
			projectDirPath = "";
			projectRoot = "";
			targets = (
				45C97E8C1EAA91F00039F373 /* ObjectiveCStudy */,
			);
		};
/* End PBXProject section */

/* Begin PBXSourcesBuildPhase section */
		45C97E891EAA91F00039F373 /* Sources */ = {
			isa = PBXSourcesBuildPhase;
			buildActionMask = 2147483647;
			files = (
				45F78E471EB280BD00E1C849 /* EKTests.m in Sources */,
				458CD4CC1EBA5440003DE3B8 /* EKAccountant.m in Sources */,
				45C97E9A1EAA93990039F373 /* EKCreature.m in Sources */,
				45F78E661EB9E03500E1C849 /* EKCar.m in Sources */,
				45EA7D751ECD972D002F2474 /* NSObject+EKExtension.m in Sources */,
				45F3627D1EAB517B003CFF39 /* EKCreatureMale.m in Sources */,
				45C97E911EAA91F00039F373 /* main.m in Sources */,
				45316F0F1ECF43B90028CD0C /* NSString+EKExtension.m in Sources */,
				45F78E221EAEA24200E1C849 /* EKRandom.m in Sources */,
				45F362811EAB51BA003CFF39 /* EKCreatureFemale.m in Sources */,
				4576C16B1ED18B240024F4DC /* NSArray+EKExtensions.m in Sources */,
				45F78E601EB9DC9E00E1C849 /* EKWorker.m in Sources */,
				45F78E4B1EB354D300E1C849 /* EKCarWash.m in Sources */,
				458CD4C61EB9FB6F003DE3B8 /* EKWasher.m in Sources */,
				458CD4CF1EBA5473003DE3B8 /* EKDirector.m in Sources */,
			);
			runOnlyForDeploymentPostprocessing = 0;
		};
/* End PBXSourcesBuildPhase section */

/* Begin XCBuildConfiguration section */
		45C97E921EAA91F00039F373 /* Debug */ = {
			isa = XCBuildConfiguration;
			buildSettings = {
				ALWAYS_SEARCH_USER_PATHS = NO;
				CLANG_ANALYZER_NONNULL = YES;
				CLANG_ANALYZER_NUMBER_OBJECT_CONVERSION = YES_AGGRESSIVE;
				CLANG_CXX_LANGUAGE_STANDARD = "gnu++0x";
				CLANG_CXX_LIBRARY = "libc++";
				CLANG_ENABLE_MODULES = YES;
				CLANG_ENABLE_OBJC_ARC = YES;
				CLANG_WARN_BOOL_CONVERSION = YES;
				CLANG_WARN_CONSTANT_CONVERSION = YES;
				CLANG_WARN_DIRECT_OBJC_ISA_USAGE = YES_ERROR;
				CLANG_WARN_DOCUMENTATION_COMMENTS = YES;
				CLANG_WARN_EMPTY_BODY = YES;
				CLANG_WARN_ENUM_CONVERSION = YES;
				CLANG_WARN_INFINITE_RECURSION = YES;
				CLANG_WARN_INT_CONVERSION = YES;
				CLANG_WARN_OBJC_ROOT_CLASS = YES_ERROR;
				CLANG_WARN_SUSPICIOUS_MOVE = YES;
				CLANG_WARN_UNREACHABLE_CODE = YES;
				CLANG_WARN__DUPLICATE_METHOD_MATCH = YES;
				CODE_SIGN_IDENTITY = "-";
				COPY_PHASE_STRIP = NO;
				DEBUG_INFORMATION_FORMAT = dwarf;
				ENABLE_STRICT_OBJC_MSGSEND = YES;
				ENABLE_TESTABILITY = YES;
				GCC_C_LANGUAGE_STANDARD = gnu99;
				GCC_DYNAMIC_NO_PIC = NO;
				GCC_NO_COMMON_BLOCKS = YES;
				GCC_OPTIMIZATION_LEVEL = 0;
				GCC_PREPROCESSOR_DEFINITIONS = (
					"DEBUG=1",
					"$(inherited)",
				);
				GCC_WARN_64_TO_32_BIT_CONVERSION = YES;
				GCC_WARN_ABOUT_RETURN_TYPE = YES_ERROR;
				GCC_WARN_UNDECLARED_SELECTOR = YES;
				GCC_WARN_UNINITIALIZED_AUTOS = YES_AGGRESSIVE;
				GCC_WARN_UNUSED_FUNCTION = YES;
				GCC_WARN_UNUSED_VARIABLE = YES;
				MACOSX_DEPLOYMENT_TARGET = 10.12;
				MTL_ENABLE_DEBUG_INFO = YES;
				ONLY_ACTIVE_ARCH = YES;
				SDKROOT = macosx;
			};
			name = Debug;
		};
		45C97E931EAA91F00039F373 /* Release */ = {
			isa = XCBuildConfiguration;
			buildSettings = {
				ALWAYS_SEARCH_USER_PATHS = NO;
				CLANG_ANALYZER_NONNULL = YES;
				CLANG_ANALYZER_NUMBER_OBJECT_CONVERSION = YES_AGGRESSIVE;
				CLANG_CXX_LANGUAGE_STANDARD = "gnu++0x";
				CLANG_CXX_LIBRARY = "libc++";
				CLANG_ENABLE_MODULES = YES;
				CLANG_ENABLE_OBJC_ARC = YES;
				CLANG_WARN_BOOL_CONVERSION = YES;
				CLANG_WARN_CONSTANT_CONVERSION = YES;
				CLANG_WARN_DIRECT_OBJC_ISA_USAGE = YES_ERROR;
				CLANG_WARN_DOCUMENTATION_COMMENTS = YES;
				CLANG_WARN_EMPTY_BODY = YES;
				CLANG_WARN_ENUM_CONVERSION = YES;
				CLANG_WARN_INFINITE_RECURSION = YES;
				CLANG_WARN_INT_CONVERSION = YES;
				CLANG_WARN_OBJC_ROOT_CLASS = YES_ERROR;
				CLANG_WARN_SUSPICIOUS_MOVE = YES;
				CLANG_WARN_UNREACHABLE_CODE = YES;
				CLANG_WARN__DUPLICATE_METHOD_MATCH = YES;
				CODE_SIGN_IDENTITY = "-";
				COPY_PHASE_STRIP = NO;
				DEBUG_INFORMATION_FORMAT = "dwarf-with-dsym";
				ENABLE_NS_ASSERTIONS = NO;
				ENABLE_STRICT_OBJC_MSGSEND = YES;
				GCC_C_LANGUAGE_STANDARD = gnu99;
				GCC_NO_COMMON_BLOCKS = YES;
				GCC_WARN_64_TO_32_BIT_CONVERSION = YES;
				GCC_WARN_ABOUT_RETURN_TYPE = YES_ERROR;
				GCC_WARN_UNDECLARED_SELECTOR = YES;
				GCC_WARN_UNINITIALIZED_AUTOS = YES_AGGRESSIVE;
				GCC_WARN_UNUSED_FUNCTION = YES;
				GCC_WARN_UNUSED_VARIABLE = YES;
				MACOSX_DEPLOYMENT_TARGET = 10.12;
				MTL_ENABLE_DEBUG_INFO = NO;
				SDKROOT = macosx;
			};
			name = Release;
		};
		45C97E951EAA91F00039F373 /* Debug */ = {
			isa = XCBuildConfiguration;
			buildSettings = {
				CLANG_ENABLE_OBJC_ARC = NO;
				PRODUCT_NAME = "$(TARGET_NAME)";
			};
			name = Debug;
		};
		45C97E961EAA91F00039F373 /* Release */ = {
			isa = XCBuildConfiguration;
			buildSettings = {
				CLANG_ENABLE_OBJC_ARC = NO;
				PRODUCT_NAME = "$(TARGET_NAME)";
			};
			name = Release;
		};
/* End XCBuildConfiguration section */

/* Begin XCConfigurationList section */
		45C97E881EAA91F00039F373 /* Build configuration list for PBXProject "ObjectiveCStudy" */ = {
			isa = XCConfigurationList;
			buildConfigurations = (
				45C97E921EAA91F00039F373 /* Debug */,
				45C97E931EAA91F00039F373 /* Release */,
			);
			defaultConfigurationIsVisible = 0;
			defaultConfigurationName = Release;
		};
		45C97E941EAA91F00039F373 /* Build configuration list for PBXNativeTarget "ObjectiveCStudy" */ = {
			isa = XCConfigurationList;
			buildConfigurations = (
				45C97E951EAA91F00039F373 /* Debug */,
				45C97E961EAA91F00039F373 /* Release */,
			);
			defaultConfigurationIsVisible = 0;
			defaultConfigurationName = Release;
		};
/* End XCConfigurationList section */
	};
	rootObject = 45C97E851EAA91F00039F373 /* Project object */;
}
