// !$*UTF8*$!
{
	archiveVersion = 1;
	classes = {
	};
	objectVersion = 46;
	objects = {

/* Begin PBXBuildFile section */
		45C97E911EAA91F00039F373 /* main.m in Sources */ = {isa = PBXBuildFile; fileRef = 45C97E901EAA91F00039F373 /* main.m */; };
		45C97E9A1EAA93990039F373 /* EKCreature.m in Sources */ = {isa = PBXBuildFile; fileRef = 45C97E991EAA93990039F373 /* EKCreature.m */; };
		45F3627D1EAB517B003CFF39 /* EKCreatureMale.m in Sources */ = {isa = PBXBuildFile; fileRef = 45F3627C1EAB517B003CFF39 /* EKCreatureMale.m */; };
		45F362811EAB51BA003CFF39 /* EKCreatureFemale.m in Sources */ = {isa = PBXBuildFile; fileRef = 45F362801EAB51BA003CFF39 /* EKCreatureFemale.m */; };
		45F78E221EAEA24200E1C849 /* EKRandom.m in Sources */ = {isa = PBXBuildFile; fileRef = 45F78E211EAEA24200E1C849 /* EKRandom.m */; };
		45F78E431EB2396F00E1C849 /* NSObject+EKCategory.m in Sources */ = {isa = PBXBuildFile; fileRef = 45F78E421EB2396F00E1C849 /* NSObject+EKCategory.m */; };
		45F78E471EB280BD00E1C849 /* EKTests.m in Sources */ = {isa = PBXBuildFile; fileRef = 45F78E461EB280BD00E1C849 /* EKTests.m */; };
		45F78E4B1EB354D300E1C849 /* EKCarWash.m in Sources */ = {isa = PBXBuildFile; fileRef = 45F78E4A1EB354D300E1C849 /* EKCarWash.m */; };
		45F78E4F1EB358E600E1C849 /* EKBuildings.m in Sources */ = {isa = PBXBuildFile; fileRef = 45F78E4E1EB358E600E1C849 /* EKBuildings.m */; };
		45F78E541EB3609500E1C849 /* EKWorkers.m in Sources */ = {isa = PBXBuildFile; fileRef = 45F78E531EB3609500E1C849 /* EKWorkers.m */; };
/* End PBXBuildFile section */

/* Begin PBXCopyFilesBuildPhase section */
		45C97E8B1EAA91F00039F373 /* CopyFiles */ = {
			isa = PBXCopyFilesBuildPhase;
			buildActionMask = 2147483647;
			dstPath = /usr/share/man/man1/;
			dstSubfolderSpec = 0;
			files = (
			);
			runOnlyForDeploymentPostprocessing = 1;
		};
/* End PBXCopyFilesBuildPhase section */

/* Begin PBXFileReference section */
		45C97E8D1EAA91F00039F373 /* ObjectiveCStudy */ = {isa = PBXFileReference; explicitFileType = "compiled.mach-o.executable"; includeInIndex = 0; path = ObjectiveCStudy; sourceTree = BUILT_PRODUCTS_DIR; };
		45C97E901EAA91F00039F373 /* main.m */ = {isa = PBXFileReference; lastKnownFileType = sourcecode.c.objc; path = main.m; sourceTree = "<group>"; };
		45C97E981EAA93990039F373 /* EKCreature.h */ = {isa = PBXFileReference; fileEncoding = 4; lastKnownFileType = sourcecode.c.h; path = EKCreature.h; sourceTree = "<group>"; };
		45C97E991EAA93990039F373 /* EKCreature.m */ = {isa = PBXFileReference; fileEncoding = 4; lastKnownFileType = sourcecode.c.objc; path = EKCreature.m; sourceTree = "<group>"; };
		45F3627B1EAB517B003CFF39 /* EKCreatureMale.h */ = {isa = PBXFileReference; fileEncoding = 4; lastKnownFileType = sourcecode.c.h; path = EKCreatureMale.h; sourceTree = "<group>"; };
		45F3627C1EAB517B003CFF39 /* EKCreatureMale.m */ = {isa = PBXFileReference; fileEncoding = 4; lastKnownFileType = sourcecode.c.objc; path = EKCreatureMale.m; sourceTree = "<group>"; };
		45F3627F1EAB51BA003CFF39 /* EKCreatureFemale.h */ = {isa = PBXFileReference; fileEncoding = 4; lastKnownFileType = sourcecode.c.h; path = EKCreatureFemale.h; sourceTree = "<group>"; };
		45F362801EAB51BA003CFF39 /* EKCreatureFemale.m */ = {isa = PBXFileReference; fileEncoding = 4; lastKnownFileType = sourcecode.c.objc; path = EKCreatureFemale.m; sourceTree = "<group>"; };
		45F78E201EAEA24200E1C849 /* EKRandom.h */ = {isa = PBXFileReference; fileEncoding = 4; lastKnownFileType = sourcecode.c.h; path = EKRandom.h; sourceTree = "<group>"; };
		45F78E211EAEA24200E1C849 /* EKRandom.m */ = {isa = PBXFileReference; fileEncoding = 4; lastKnownFileType = sourcecode.c.objc; path = EKRandom.m; sourceTree = "<group>"; };
		45F78E411EB2396F00E1C849 /* NSObject+EKCategory.h */ = {isa = PBXFileReference; fileEncoding = 4; lastKnownFileType = sourcecode.c.h; path = "NSObject+EKCategory.h"; sourceTree = "<group>"; };
		45F78E421EB2396F00E1C849 /* NSObject+EKCategory.m */ = {isa = PBXFileReference; fileEncoding = 4; lastKnownFileType = sourcecode.c.objc; path = "NSObject+EKCategory.m"; sourceTree = "<group>"; };
		45F78E451EB280BD00E1C849 /* EKTests.h */ = {isa = PBXFileReference; fileEncoding = 4; lastKnownFileType = sourcecode.c.h; path = EKTests.h; sourceTree = "<group>"; };
		45F78E461EB280BD00E1C849 /* EKTests.m */ = {isa = PBXFileReference; fileEncoding = 4; lastKnownFileType = sourcecode.c.objc; path = EKTests.m; sourceTree = "<group>"; };
		45F78E491EB354D300E1C849 /* EKCarWash.h */ = {isa = PBXFileReference; fileEncoding = 4; lastKnownFileType = sourcecode.c.h; path = EKCarWash.h; sourceTree = "<group>"; };
		45F78E4A1EB354D300E1C849 /* EKCarWash.m */ = {isa = PBXFileReference; fileEncoding = 4; lastKnownFileType = sourcecode.c.objc; path = EKCarWash.m; sourceTree = "<group>"; };
		45F78E4D1EB358E600E1C849 /* EKBuildings.h */ = {isa = PBXFileReference; fileEncoding = 4; lastKnownFileType = sourcecode.c.h; path = EKBuildings.h; sourceTree = "<group>"; };
		45F78E4E1EB358E600E1C849 /* EKBuildings.m */ = {isa = PBXFileReference; fileEncoding = 4; lastKnownFileType = sourcecode.c.objc; path = EKBuildings.m; sourceTree = "<group>"; };
		45F78E521EB3609500E1C849 /* EKWorkers.h */ = {isa = PBXFileReference; fileEncoding = 4; lastKnownFileType = sourcecode.c.h; path = EKWorkers.h; sourceTree = "<group>"; };
		45F78E531EB3609500E1C849 /* EKWorkers.m */ = {isa = PBXFileReference; fileEncoding = 4; lastKnownFileType = sourcecode.c.objc; path = EKWorkers.m; sourceTree = "<group>"; };
/* End PBXFileReference section */

/* Begin PBXFrameworksBuildPhase section */
		45C97E8A1EAA91F00039F373 /* Frameworks */ = {
			isa = PBXFrameworksBuildPhase;
			buildActionMask = 2147483647;
			files = (
			);
			runOnlyForDeploymentPostprocessing = 0;
		};
/* End PBXFrameworksBuildPhase section */

/* Begin PBXGroup section */
		45C97E841EAA91F00039F373 = {
			isa = PBXGroup;
			children = (
				45C97E8F1EAA91F00039F373 /* ObjectiveCStudy */,
				45C97E8E1EAA91F00039F373 /* Products */,
			);
			sourceTree = "<group>";
		};
		45C97E8E1EAA91F00039F373 /* Products */ = {
			isa = PBXGroup;
			children = (
				45C97E8D1EAA91F00039F373 /* ObjectiveCStudy */,
			);
			name = Products;
			sourceTree = "<group>";
		};
		45C97E8F1EAA91F00039F373 /* ObjectiveCStudy */ = {
			isa = PBXGroup;
			children = (
				45F78E481EB3546700E1C849 /* EKCarWash */,
				45F78E441EB27FD900E1C849 /* EKTests */,
				45F78E401EB2352D00E1C849 /* Category */,
				45F3627E1EAB5181003CFF39 /* EKCreatureFemale */,
				45F3627A1EAB513F003CFF39 /* EKCreatureMale */,
				45C97E971EAA92B10039F373 /* EKCreature */,
				45C97E901EAA91F00039F373 /* main.m */,
			);
			path = ObjectiveCStudy;
			sourceTree = "<group>";
		};
		45C97E971EAA92B10039F373 /* EKCreature */ = {
			isa = PBXGroup;
			children = (
				45C97E981EAA93990039F373 /* EKCreature.h */,
				45C97E991EAA93990039F373 /* EKCreature.m */,
				45F78E201EAEA24200E1C849 /* EKRandom.h */,
				45F78E211EAEA24200E1C849 /* EKRandom.m */,
			);
			path = EKCreature;
			sourceTree = "<group>";
		};
		45F3627A1EAB513F003CFF39 /* EKCreatureMale */ = {
			isa = PBXGroup;
			children = (
				45F3627B1EAB517B003CFF39 /* EKCreatureMale.h */,
				45F3627C1EAB517B003CFF39 /* EKCreatureMale.m */,
			);
			path = EKCreatureMale;
			sourceTree = "<group>";
		};
		45F3627E1EAB5181003CFF39 /* EKCreatureFemale */ = {
			isa = PBXGroup;
			children = (
				45F3627F1EAB51BA003CFF39 /* EKCreatureFemale.h */,
				45F362801EAB51BA003CFF39 /* EKCreatureFemale.m */,
			);
			path = EKCreatureFemale;
			sourceTree = "<group>";
		};
		45F78E401EB2352D00E1C849 /* Category */ = {
			isa = PBXGroup;
			children = (
				45F78E411EB2396F00E1C849 /* NSObject+EKCategory.h */,
				45F78E421EB2396F00E1C849 /* NSObject+EKCategory.m */,
			);
			path = Category;
			sourceTree = "<group>";
		};
		45F78E441EB27FD900E1C849 /* EKTests */ = {
			isa = PBXGroup;
			children = (
				45F78E451EB280BD00E1C849 /* EKTests.h */,
				45F78E461EB280BD00E1C849 /* EKTests.m */,
			);
			path = EKTests;
			sourceTree = "<group>";
		};
		45F78E481EB3546700E1C849 /* EKCarWash */ = {
			isa = PBXGroup;
			children = (
				45F78E511EB3592600E1C849 /* EKWorkers */,
				45F78E501EB358F800E1C849 /* EKRooms */,
				45F78E4C1EB357E000E1C849 /* EKBuildings */,
				45F78E491EB354D300E1C849 /* EKCarWash.h */,
				45F78E4A1EB354D300E1C849 /* EKCarWash.m */,
			);
			path = EKCarWash;
			sourceTree = "<group>";
		};
		45F78E4C1EB357E000E1C849 /* EKBuildings */ = {
			isa = PBXGroup;
			children = (
				45F78E4D1EB358E600E1C849 /* EKBuildings.h */,
				45F78E4E1EB358E600E1C849 /* EKBuildings.m */,
			);
			path = EKBuildings;
			sourceTree = "<group>";
		};
		45F78E501EB358F800E1C849 /* EKRooms */ = {
			isa = PBXGroup;
			children = (
			);
			path = EKRooms;
			sourceTree = "<group>";
		};
		45F78E511EB3592600E1C849 /* EKWorkers */ = {
			isa = PBXGroup;
			children = (
				45F78E571EB3FA0E00E1C849 /* EKDirector */,
				45F78E561EB3F8EA00E1C849 /* EKAccountant */,
				45F78E551EB366B500E1C849 /* EKWasher */,
				45F78E521EB3609500E1C849 /* EKWorkers.h */,
				45F78E531EB3609500E1C849 /* EKWorkers.m */,
			);
			path = EKWorkers;
			sourceTree = "<group>";
		};
		45F78E551EB366B500E1C849 /* EKWasher */ = {
			isa = PBXGroup;
			children = (
			);
			path = EKWasher;
			sourceTree = "<group>";
		};
		45F78E561EB3F8EA00E1C849 /* EKAccountant */ = {
			isa = PBXGroup;
			children = (
			);
			name = EKAccountant;
			sourceTree = "<group>";
		};
		45F78E571EB3FA0E00E1C849 /* EKDirector */ = {
			isa = PBXGroup;
			children = (
			);
			name = EKDirector;
			sourceTree = "<group>";
		};
/* End PBXGroup section */

/* Begin PBXNativeTarget section */
		45C97E8C1EAA91F00039F373 /* ObjectiveCStudy */ = {
			isa = PBXNativeTarget;
			buildConfigurationList = 45C97E941EAA91F00039F373 /* Build configuration list for PBXNativeTarget "ObjectiveCStudy" */;
			buildPhases = (
				45C97E891EAA91F00039F373 /* Sources */,
				45C97E8A1EAA91F00039F373 /* Frameworks */,
				45C97E8B1EAA91F00039F373 /* CopyFiles */,
			);
			buildRules = (
			);
			dependencies = (
			);
			name = ObjectiveCStudy;
			productName = ObjectiveCStudy;
			productReference = 45C97E8D1EAA91F00039F373 /* ObjectiveCStudy */;
			productType = "com.apple.product-type.tool";
		};
/* End PBXNativeTarget section */

/* Begin PBXProject section */
		45C97E851EAA91F00039F373 /* Project object */ = {
			isa = PBXProject;
			attributes = {
				LastUpgradeCheck = 0830;
				ORGANIZATIONNAME = "Yegor Kozlovskiy";
				TargetAttributes = {
					45C97E8C1EAA91F00039F373 = {
						CreatedOnToolsVersion = 8.3.1;
						ProvisioningStyle = Automatic;
					};
				};
			};
			buildConfigurationList = 45C97E881EAA91F00039F373 /* Build configuration list for PBXProject "ObjectiveCStudy" */;
			compatibilityVersion = "Xcode 3.2";
			developmentRegion = English;
			hasScannedForEncodings = 0;
			knownRegions = (
				en,
			);
			mainGroup = 45C97E841EAA91F00039F373;
			productRefGroup = 45C97E8E1EAA91F00039F373 /* Products */;
			projectDirPath = "";
			projectRoot = "";
			targets = (
				45C97E8C1EAA91F00039F373 /* ObjectiveCStudy */,
			);
		};
/* End PBXProject section */

/* Begin PBXSourcesBuildPhase section */
		45C97E891EAA91F00039F373 /* Sources */ = {
			isa = PBXSourcesBuildPhase;
			buildActionMask = 2147483647;
			files = (
				45F78E4F1EB358E600E1C849 /* EKBuildings.m in Sources */,
				45F78E471EB280BD00E1C849 /* EKTests.m in Sources */,
				45C97E9A1EAA93990039F373 /* EKCreature.m in Sources */,
				45F78E541EB3609500E1C849 /* EKWorkers.m in Sources */,
				45F78E431EB2396F00E1C849 /* NSObject+EKCategory.m in Sources */,
				45F3627D1EAB517B003CFF39 /* EKCreatureMale.m in Sources */,
				45C97E911EAA91F00039F373 /* main.m in Sources */,
				45F78E221EAEA24200E1C849 /* EKRandom.m in Sources */,
				45F362811EAB51BA003CFF39 /* EKCreatureFemale.m in Sources */,
				45F78E4B1EB354D300E1C849 /* EKCarWash.m in Sources */,
			);
			runOnlyForDeploymentPostprocessing = 0;
		};
/* End PBXSourcesBuildPhase section */

/* Begin XCBuildConfiguration section */
		45C97E921EAA91F00039F373 /* Debug */ = {
			isa = XCBuildConfiguration;
			buildSettings = {
				ALWAYS_SEARCH_USER_PATHS = NO;
				CLANG_ANALYZER_NONNULL = YES;
				CLANG_ANALYZER_NUMBER_OBJECT_CONVERSION = YES_AGGRESSIVE;
				CLANG_CXX_LANGUAGE_STANDARD = "gnu++0x";
				CLANG_CXX_LIBRARY = "libc++";
				CLANG_ENABLE_MODULES = YES;
				CLANG_ENABLE_OBJC_ARC = YES;
				CLANG_WARN_BOOL_CONVERSION = YES;
				CLANG_WARN_CONSTANT_CONVERSION = YES;
				CLANG_WARN_DIRECT_OBJC_ISA_USAGE = YES_ERROR;
				CLANG_WARN_DOCUMENTATION_COMMENTS = YES;
				CLANG_WARN_EMPTY_BODY = YES;
				CLANG_WARN_ENUM_CONVERSION = YES;
				CLANG_WARN_INFINITE_RECURSION = YES;
				CLANG_WARN_INT_CONVERSION = YES;
				CLANG_WARN_OBJC_ROOT_CLASS = YES_ERROR;
				CLANG_WARN_SUSPICIOUS_MOVE = YES;
				CLANG_WARN_UNREACHABLE_CODE = YES;
				CLANG_WARN__DUPLICATE_METHOD_MATCH = YES;
				CODE_SIGN_IDENTITY = "-";
				COPY_PHASE_STRIP = NO;
				DEBUG_INFORMATION_FORMAT = dwarf;
				ENABLE_STRICT_OBJC_MSGSEND = YES;
				ENABLE_TESTABILITY = YES;
				GCC_C_LANGUAGE_STANDARD = gnu99;
				GCC_DYNAMIC_NO_PIC = NO;
				GCC_NO_COMMON_BLOCKS = YES;
				GCC_OPTIMIZATION_LEVEL = 0;
				GCC_PREPROCESSOR_DEFINITIONS = (
					"DEBUG=1",
					"$(inherited)",
				);
				GCC_WARN_64_TO_32_BIT_CONVERSION = YES;
				GCC_WARN_ABOUT_RETURN_TYPE = YES_ERROR;
				GCC_WARN_UNDECLARED_SELECTOR = YES;
				GCC_WARN_UNINITIALIZED_AUTOS = YES_AGGRESSIVE;
				GCC_WARN_UNUSED_FUNCTION = YES;
				GCC_WARN_UNUSED_VARIABLE = YES;
				MACOSX_DEPLOYMENT_TARGET = 10.12;
				MTL_ENABLE_DEBUG_INFO = YES;
				ONLY_ACTIVE_ARCH = YES;
				SDKROOT = macosx;
			};
			name = Debug;
		};
		45C97E931EAA91F00039F373 /* Release */ = {
			isa = XCBuildConfiguration;
			buildSettings = {
				ALWAYS_SEARCH_USER_PATHS = NO;
				CLANG_ANALYZER_NONNULL = YES;
				CLANG_ANALYZER_NUMBER_OBJECT_CONVERSION = YES_AGGRESSIVE;
				CLANG_CXX_LANGUAGE_STANDARD = "gnu++0x";
				CLANG_CXX_LIBRARY = "libc++";
				CLANG_ENABLE_MODULES = YES;
				CLANG_ENABLE_OBJC_ARC = YES;
				CLANG_WARN_BOOL_CONVERSION = YES;
				CLANG_WARN_CONSTANT_CONVERSION = YES;
				CLANG_WARN_DIRECT_OBJC_ISA_USAGE = YES_ERROR;
				CLANG_WARN_DOCUMENTATION_COMMENTS = YES;
				CLANG_WARN_EMPTY_BODY = YES;
				CLANG_WARN_ENUM_CONVERSION = YES;
				CLANG_WARN_INFINITE_RECURSION = YES;
				CLANG_WARN_INT_CONVERSION = YES;
				CLANG_WARN_OBJC_ROOT_CLASS = YES_ERROR;
				CLANG_WARN_SUSPICIOUS_MOVE = YES;
				CLANG_WARN_UNREACHABLE_CODE = YES;
				CLANG_WARN__DUPLICATE_METHOD_MATCH = YES;
				CODE_SIGN_IDENTITY = "-";
				COPY_PHASE_STRIP = NO;
				DEBUG_INFORMATION_FORMAT = "dwarf-with-dsym";
				ENABLE_NS_ASSERTIONS = NO;
				ENABLE_STRICT_OBJC_MSGSEND = YES;
				GCC_C_LANGUAGE_STANDARD = gnu99;
				GCC_NO_COMMON_BLOCKS = YES;
				GCC_WARN_64_TO_32_BIT_CONVERSION = YES;
				GCC_WARN_ABOUT_RETURN_TYPE = YES_ERROR;
				GCC_WARN_UNDECLARED_SELECTOR = YES;
				GCC_WARN_UNINITIALIZED_AUTOS = YES_AGGRESSIVE;
				GCC_WARN_UNUSED_FUNCTION = YES;
				GCC_WARN_UNUSED_VARIABLE = YES;
				MACOSX_DEPLOYMENT_TARGET = 10.12;
				MTL_ENABLE_DEBUG_INFO = NO;
				SDKROOT = macosx;
			};
			name = Release;
		};
		45C97E951EAA91F00039F373 /* Debug */ = {
			isa = XCBuildConfiguration;
			buildSettings = {
				CLANG_ENABLE_OBJC_ARC = NO;
				PRODUCT_NAME = "$(TARGET_NAME)";
			};
			name = Debug;
		};
		45C97E961EAA91F00039F373 /* Release */ = {
			isa = XCBuildConfiguration;
			buildSettings = {
				CLANG_ENABLE_OBJC_ARC = NO;
				PRODUCT_NAME = "$(TARGET_NAME)";
			};
			name = Release;
		};
/* End XCBuildConfiguration section */

/* Begin XCConfigurationList section */
		45C97E881EAA91F00039F373 /* Build configuration list for PBXProject "ObjectiveCStudy" */ = {
			isa = XCConfigurationList;
			buildConfigurations = (
				45C97E921EAA91F00039F373 /* Debug */,
				45C97E931EAA91F00039F373 /* Release */,
			);
			defaultConfigurationIsVisible = 0;
			defaultConfigurationName = Release;
		};
		45C97E941EAA91F00039F373 /* Build configuration list for PBXNativeTarget "ObjectiveCStudy" */ = {
			isa = XCConfigurationList;
			buildConfigurations = (
				45C97E951EAA91F00039F373 /* Debug */,
				45C97E961EAA91F00039F373 /* Release */,
			);
			defaultConfigurationIsVisible = 0;
			defaultConfigurationName = Release;
		};
/* End XCConfigurationList section */
	};
	rootObject = 45C97E851EAA91F00039F373 /* Project object */;
}
